
Microsoft Visual Studio Solution File, Format Version 12.00
# Visual Studio Version 17
VisualStudioVersion = 17.1.32210.238
MinimumVisualStudioVersion = 10.0.40219.1
Project("{FAE04EC0-301F-11D3-BF4B-00C04F79EFBC}") = "tpmodul5_1302204014", "tpmodul5_1302204014.csproj", "{B97E8F3B-B1F7-4410-B0A8-1294ABB03891}"
EndProject
Global
	GlobalSection(SolutionConfigurationPlatforms) = preSolution
		Debug|Any CPU = Debug|Any CPU
		Release|Any CPU = Release|Any CPU
	EndGlobalSection
	GlobalSection(ProjectConfigurationPlatforms) = postSolution
		{B97E8F3B-B1F7-4410-B0A8-1294ABB03891}.Debug|Any CPU.ActiveCfg = Debug|Any CPU
		{B97E8F3B-B1F7-4410-B0A8-1294ABB03891}.Debug|Any CPU.Build.0 = Debug|Any CPU
		{B97E8F3B-B1F7-4410-B0A8-1294ABB03891}.Release|Any CPU.ActiveCfg = Release|Any CPU
		{B97E8F3B-B1F7-4410-B0A8-1294ABB03891}.Release|Any CPU.Build.0 = Release|Any CPU
	EndGlobalSection
	GlobalSection(SolutionProperties) = preSolution
		HideSolutionNode = FALSE
	EndGlobalSection
	GlobalSection(ExtensibilityGlobals) = postSolution
		SolutionGuid = {1704B09A-7672-4A70-B7F6-6716F32EBB33}
	EndGlobalSection
EndGlobal
